
Microsoft Visual Studio Solution File, Format Version 12.00
# Visual Studio 15
VisualStudioVersion = 15.0.28307.136
MinimumVisualStudioVersion = 10.0.40219.1
Project("{FAE04EC0-301F-11D3-BF4B-00C04F79EFBC}") = "Assignment2", "Assignment2\Assignment2.csproj", "{F04EE378-4C94-427D-A7D0-23C7982168C9}"
EndProject
Global
	GlobalSection(SolutionConfigurationPlatforms) = preSolution
		Debug|Any CPU = Debug|Any CPU
		Release|Any CPU = Release|Any CPU
	EndGlobalSection
	GlobalSection(ProjectConfigurationPlatforms) = postSolution
		{F04EE378-4C94-427D-A7D0-23C7982168C9}.Debug|Any CPU.ActiveCfg = Debug|Any CPU
		{F04EE378-4C94-427D-A7D0-23C7982168C9}.Debug|Any CPU.Build.0 = Debug|Any CPU
		{F04EE378-4C94-427D-A7D0-23C7982168C9}.Release|Any CPU.ActiveCfg = Release|Any CPU
		{F04EE378-4C94-427D-A7D0-23C7982168C9}.Release|Any CPU.Build.0 = Release|Any CPU
	EndGlobalSection
	GlobalSection(SolutionProperties) = preSolution
		HideSolutionNode = FALSE
	EndGlobalSection
	GlobalSection(ExtensibilityGlobals) = postSolution
		SolutionGuid = {87CF99F7-1AC1-42DE-8CC4-D3258C0976C3}
	EndGlobalSection
EndGlobal
